{
  "version": 4,
  "terraform_version": "1.10.5",
  "serial": 32,
  "lineage": "10a562f3-1878-52ae-7d40-21de61de035f",
  "outputs": {
    "bastion": {
      "value": "192.168.50.10",
      "type": "string"
    },
    "bastion_nat": {
      "value": "84.201.132.254",
      "type": "string"
    },
    "elasticsearch": {
      "value": "192.168.10.30",
      "type": "string"
    },
    "kibana": {
      "value": "192.168.50.30",
      "type": "string"
    },
    "kibana-nat": {
      "value": "158.160.110.188",
      "type": "string"
    },
    "load_balancer_pub": {
      "value": [
        {
          "address": "158.160.129.226"
        }
      ],
      "type": [
        "list",
        [
          "object",
          {
            "address": "string"
          }
        ]
      ]
    },
    "webserver-1": {
      "value": "192.168.10.10",
      "type": "string"
    },
    "webserver-2": {
      "value": "192.168.10.20",
      "type": "string"
    },
    "zabbix": {
      "value": "192.168.50.20",
      "type": "string"
    },
    "zabbix_nat": {
      "value": "158.160.102.116",
      "type": "string"
    }
  },
  "resources": [
    {
      "mode": "managed",
      "type": "local_file",
      "name": "ansible-inventory",
      "provider": "provider[\"registry.terraform.io/hashicorp/local\"]",
      "instances": [
        {
          "schema_version": 0,
          "attributes": {
            "content": "[bastion]\n192.168.50.10 public_ip=84.201.132.254 ansible_user=user\n    \n[web_servers]\n192.168.10.10 ansible_user=user\n192.168.10.20 ansible_user=user\n\n[web_server_1]\n192.168.10.10 ansible_user=user\n\n[web_server_2]\n192.168.10.20 ansible_user=user\n\n[zabbix]\n192.168.50.20 public_ip=158.160.102.116 ansible_user=user\n\n[zabbix_server]\n192.168.50.20 ansible_user=user\n    \n[elastic_server]\n192.168.10.30 ansible_user=user\n\n[kibana_server]\n192.168.50.30 public_ip=158.160.110.188 ansible_user=user\n\n[all:vars]\nansible_ssh_common_args='-o StrictHostKeyChecking=no -o UserKnownHostsFile=/dev/null -o ProxyCommand=\"ssh -p 22 -W %h:%p -q user@84.201.132.254\"'\nzabbix_ext_ip=158.160.102.116\nzabbix_int_ip=192.168.50.20\n\n",
            "content_base64": null,
            "content_base64sha256": "2IO5U/olTfPvwGt3g15BbtgugC+EStYKTU2M34m2JEA=",
            "content_base64sha512": "CbLqtay5gHnDQtJR5y4LXNEP7vQBwZFtPL4lG6Y9GeZUpYA9Zy3AP2L02Jmk8Y/N7dGLhO8OxpTeqifOUvNT4g==",
            "content_md5": "a5e178e473379ca7da0139336f989f3c",
            "content_sha1": "a91a25e7432b4985f835fcd63f21b92ed5e754b3",
            "content_sha256": "d883b953fa254df3efc06b77835e416ed82e802f844ad60a4d4d8cdf89b62440",
            "content_sha512": "09b2eab5acb98079c342d251e72e0b5cd10feef401c1916d3cbe251ba63d19e654a5803d672dc03f62f4d899a4f18fcdedd18b84ef0ec694deaa27ce52f353e2",
            "directory_permission": "0777",
            "file_permission": "0777",
            "filename": "../ansible/hosts.ini",
            "id": "a91a25e7432b4985f835fcd63f21b92ed5e754b3",
            "sensitive_content": null,
            "source": null
          },
          "sensitive_attributes": [
            [
              {
                "type": "get_attr",
                "value": "sensitive_content"
              }
            ]
          ],
          "dependencies": [
            "yandex_compute_instance.bastion",
            "yandex_compute_instance.elasticsearch",
            "yandex_compute_instance.kibana",
            "yandex_compute_instance.webserver-1",
            "yandex_compute_instance.webserver-2",
            "yandex_compute_instance.zabbix-server",
            "yandex_vpc_gateway.nat_gateway",
            "yandex_vpc_network.bastion-network",
            "yandex_vpc_route_table.rt",
            "yandex_vpc_security_group.alb-sg",
            "yandex_vpc_security_group.alb-vm-sg",
            "yandex_vpc_security_group.egress-sg",
            "yandex_vpc_security_group.elastic-sg",
            "yandex_vpc_security_group.external-ssh-sg",
            "yandex_vpc_security_group.internal-ssh-sg",
            "yandex_vpc_security_group.kibana-sg",
            "yandex_vpc_security_group.zabbix-server-sg",
            "yandex_vpc_security_group.zabbix-sg",
            "yandex_vpc_subnet.bastion-external-segment",
            "yandex_vpc_subnet.bastion-internal-segment"
          ]
        }
      ]
    },
    {
      "mode": "managed",
      "type": "yandex_alb_backend_group",
      "name": "alb-bg",
      "provider": "provider[\"registry.terraform.io/yandex-cloud/yandex\"]",
      "instances": [
        {
          "schema_version": 0,
          "attributes": {
            "created_at": "2025-04-14T17:00:07Z",
            "description": "",
            "folder_id": "b1gbfah1p548v9mq590n",
            "grpc_backend": [],
            "http_backend": [
              {
                "healthcheck": [
                  {
                    "grpc_healthcheck": [],
                    "healthcheck_port": 0,
                    "healthy_threshold": 10,
                    "http_healthcheck": [
                      {
                        "expected_statuses": null,
                        "host": "",
                        "http2": false,
                        "path": "/"
                      }
                    ],
                    "interval": "2s",
                    "interval_jitter_percent": 0,
                    "stream_healthcheck": [],
                    "timeout": "10s",
                    "unhealthy_threshold": 15
                  }
                ],
                "http2": false,
                "load_balancing_config": [],
                "name": "alb-bg-1",
                "port": 80,
                "storage_bucket": "",
                "target_group_ids": [
                  "ds7dli9lk30tgcjdhtk4"
                ],
                "tls": [],
                "weight": 1
              }
            ],
            "id": "ds74t6a2q22k8h9v8son",
            "labels": null,
            "name": "",
            "session_affinity": [],
            "stream_backend": [],
            "timeouts": null
          },
          "sensitive_attributes": [],
          "private": "eyJlMmJmYjczMC1lY2FhLTExZTYtOGY4OC0zNDM2M2JjN2M0YzAiOnsiY3JlYXRlIjozMDAwMDAwMDAwMDAsImRlbGV0ZSI6MzAwMDAwMDAwMDAwLCJ1cGRhdGUiOjMwMDAwMDAwMDAwMH19",
          "dependencies": [
            "yandex_alb_target_group.tg-web",
            "yandex_compute_instance.webserver-1",
            "yandex_compute_instance.webserver-2",
            "yandex_vpc_gateway.nat_gateway",
            "yandex_vpc_network.bastion-network",
            "yandex_vpc_route_table.rt",
            "yandex_vpc_security_group.alb-sg",
            "yandex_vpc_security_group.alb-vm-sg",
            "yandex_vpc_security_group.egress-sg",
            "yandex_vpc_security_group.internal-ssh-sg",
            "yandex_vpc_security_group.zabbix-server-sg",
            "yandex_vpc_security_group.zabbix-sg",
            "yandex_vpc_subnet.bastion-external-segment",
            "yandex_vpc_subnet.bastion-internal-segment"
          ]
        }
      ]
    },
    {
      "mode": "managed",
      "type": "yandex_alb_http_router",
      "name": "web-servers-router",
      "provider": "provider[\"registry.terraform.io/yandex-cloud/yandex\"]",
      "instances": [
        {
          "schema_version": 0,
          "attributes": {
            "created_at": "2025-04-14T16:58:57Z",
            "description": "",
            "folder_id": "b1gbfah1p548v9mq590n",
            "id": "ds7fiata4due333vmo68",
            "labels": null,
            "name": "web-servers-router",
            "route_options": [],
            "timeouts": null
          },
          "sensitive_attributes": [],
          "private": "eyJlMmJmYjczMC1lY2FhLTExZTYtOGY4OC0zNDM2M2JjN2M0YzAiOnsiY3JlYXRlIjozMDAwMDAwMDAwMDAsImRlbGV0ZSI6MzAwMDAwMDAwMDAwLCJ1cGRhdGUiOjMwMDAwMDAwMDAwMH19"
        }
      ]
    },
    {
      "mode": "managed",
      "type": "yandex_alb_load_balancer",
      "name": "alb-lb",
      "provider": "provider[\"registry.terraform.io/yandex-cloud/yandex\"]",
      "instances": [
        {
          "schema_version": 0,
          "attributes": {
            "allocation_policy": [
              {
                "location": [
                  {
                    "disable_traffic": false,
                    "subnet_id": "e9bvjmaoamfe5e5tel5g",
                    "zone_id": "ru-central1-a"
                  }
                ]
              }
            ],
            "created_at": "2025-04-14T16:59:24Z",
            "description": "",
            "folder_id": "b1gbfah1p548v9mq590n",
            "id": "ds7pooine67bebl7ll8h",
            "labels": null,
            "listener": [
              {
                "endpoint": [
                  {
                    "address": [
                      {
                        "external_ipv4_address": [
                          {
                            "address": "158.160.129.226"
                          }
                        ],
                        "external_ipv6_address": [],
                        "internal_ipv4_address": []
                      }
                    ],
                    "ports": [
                      80
                    ]
                  }
                ],
                "http": [
                  {
                    "handler": [
                      {
                        "allow_http10": false,
                        "http2_options": [],
                        "http_router_id": "ds7fiata4due333vmo68",
                        "rewrite_request_id": false
                      }
                    ],
                    "redirects": []
                  }
                ],
                "name": "alb-listener",
                "stream": [],
                "tls": []
              }
            ],
            "log_group_id": "",
            "log_options": [],
            "name": "alb-lb",
            "network_id": "enpno8opneg27u3mgqd1",
            "region_id": "",
            "security_group_ids": [
              "enp7plnbv2c47c8smilc",
              "enpdg3ucr352hs2nk7hp",
              "enphuu3igq8fvk25r5n9",
              "enpjecmrvpttvcro2oi7",
              "enpm1tgcajobk7j8jt4j"
            ],
            "status": "active",
            "timeouts": null
          },
          "sensitive_attributes": [],
          "private": "eyJlMmJmYjczMC1lY2FhLTExZTYtOGY4OC0zNDM2M2JjN2M0YzAiOnsiY3JlYXRlIjo2MDAwMDAwMDAwMDAsImRlbGV0ZSI6NjAwMDAwMDAwMDAwLCJ1cGRhdGUiOjYwMDAwMDAwMDAwMH19",
          "dependencies": [
            "yandex_alb_http_router.web-servers-router",
            "yandex_vpc_network.bastion-network",
            "yandex_vpc_security_group.alb-sg",
            "yandex_vpc_security_group.alb-vm-sg",
            "yandex_vpc_security_group.egress-sg",
            "yandex_vpc_security_group.external-ssh-sg",
            "yandex_vpc_security_group.internal-ssh-sg",
            "yandex_vpc_subnet.bastion-external-segment"
          ]
        }
      ]
    },
    {
      "mode": "managed",
      "type": "yandex_alb_target_group",
      "name": "tg-web",
      "provider": "provider[\"registry.terraform.io/yandex-cloud/yandex\"]",
      "instances": [
        {
          "schema_version": 0,
          "attributes": {
            "created_at": "2025-04-14T17:00:07Z",
            "description": "",
            "folder_id": "b1gbfah1p548v9mq590n",
            "id": "ds7dli9lk30tgcjdhtk4",
            "labels": null,
            "name": "tg-web",
            "target": [
              {
                "ip_address": "192.168.10.10",
                "private_ipv4_address": false,
                "subnet_id": "e9bsb39m8hvi0phe192m"
              },
              {
                "ip_address": "192.168.10.20",
                "private_ipv4_address": false,
                "subnet_id": "e9bsb39m8hvi0phe192m"
              }
            ],
            "timeouts": null
          },
          "sensitive_attributes": [],
          "private": "eyJlMmJmYjczMC1lY2FhLTExZTYtOGY4OC0zNDM2M2JjN2M0YzAiOnsiY3JlYXRlIjozMDAwMDAwMDAwMDAsImRlbGV0ZSI6MzAwMDAwMDAwMDAwLCJ1cGRhdGUiOjMwMDAwMDAwMDAwMH19",
          "dependencies": [
            "yandex_compute_instance.webserver-1",
            "yandex_compute_instance.webserver-2",
            "yandex_vpc_gateway.nat_gateway",
            "yandex_vpc_network.bastion-network",
            "yandex_vpc_route_table.rt",
            "yandex_vpc_security_group.alb-sg",
            "yandex_vpc_security_group.alb-vm-sg",
            "yandex_vpc_security_group.egress-sg",
            "yandex_vpc_security_group.internal-ssh-sg",
            "yandex_vpc_security_group.zabbix-server-sg",
            "yandex_vpc_security_group.zabbix-sg",
            "yandex_vpc_subnet.bastion-external-segment",
            "yandex_vpc_subnet.bastion-internal-segment"
          ]
        }
      ]
    },
    {
      "mode": "managed",
      "type": "yandex_alb_virtual_host",
      "name": "alb-host",
      "provider": "provider[\"registry.terraform.io/yandex-cloud/yandex\"]",
      "instances": [
        {
          "schema_version": 0,
          "attributes": {
            "authority": null,
            "http_router_id": "ds7fiata4due333vmo68",
            "id": "ds7fiata4due333vmo68/alb-host",
            "modify_request_headers": [],
            "modify_response_headers": [],
            "name": "alb-host",
            "rate_limit": [],
            "route": [
              {
                "grpc_route": [],
                "http_route": [
                  {
                    "direct_response_action": [],
                    "http_match": [],
                    "http_route_action": [
                      {
                        "auto_host_rewrite": false,
                        "backend_group_id": "ds74t6a2q22k8h9v8son",
                        "host_rewrite": "",
                        "idle_timeout": "",
                        "prefix_rewrite": "",
                        "rate_limit": [],
                        "timeout": "1m0s",
                        "upgrade_types": null
                      }
                    ],
                    "redirect_action": []
                  }
                ],
                "name": "my-route",
                "route_options": []
              }
            ],
            "route_options": [],
            "timeouts": null
          },
          "sensitive_attributes": [],
          "private": "eyJlMmJmYjczMC1lY2FhLTExZTYtOGY4OC0zNDM2M2JjN2M0YzAiOnsiY3JlYXRlIjozMDAwMDAwMDAwMDAsImRlbGV0ZSI6MzAwMDAwMDAwMDAwLCJ1cGRhdGUiOjMwMDAwMDAwMDAwMH19",
          "dependencies": [
            "yandex_alb_backend_group.alb-bg",
            "yandex_alb_http_router.web-servers-router",
            "yandex_alb_target_group.tg-web",
            "yandex_compute_instance.webserver-1",
            "yandex_compute_instance.webserver-2",
            "yandex_vpc_gateway.nat_gateway",
            "yandex_vpc_network.bastion-network",
            "yandex_vpc_route_table.rt",
            "yandex_vpc_security_group.alb-sg",
            "yandex_vpc_security_group.alb-vm-sg",
            "yandex_vpc_security_group.egress-sg",
            "yandex_vpc_security_group.internal-ssh-sg",
            "yandex_vpc_security_group.zabbix-server-sg",
            "yandex_vpc_security_group.zabbix-sg",
            "yandex_vpc_subnet.bastion-external-segment",
            "yandex_vpc_subnet.bastion-internal-segment"
          ]
        }
      ]
    },
    {
      "mode": "managed",
      "type": "yandex_compute_instance",
      "name": "bastion",
      "provider": "provider[\"registry.terraform.io/yandex-cloud/yandex\"]",
      "instances": [
        {
          "schema_version": 1,
          "attributes": {
            "allow_recreate": null,
            "allow_stopping_for_update": true,
            "boot_disk": [
              {
                "auto_delete": true,
                "device_name": "fhmi0sf0orkqva3rjabu",
                "disk_id": "fhmi0sf0orkqva3rjabu",
                "initialize_params": [
                  {
                    "block_size": 4096,
                    "description": "",
                    "image_id": "fd8s17cfki4sd4l6oa59",
                    "kms_key_id": "",
                    "name": "",
                    "size": 5,
                    "snapshot_id": "",
                    "type": "network-hdd"
                  }
                ],
                "mode": "READ_WRITE"
              }
            ],
            "created_at": "2025-04-14T16:59:24Z",
            "description": "",
            "filesystem": [],
            "folder_id": "b1gbfah1p548v9mq590n",
            "fqdn": "bastion.ru-central1.internal",
            "gpu_cluster_id": "",
            "hardware_generation": [
              {
                "generation2_features": [],
                "legacy_features": [
                  {
                    "pci_topology": "PCI_TOPOLOGY_V1"
                  }
                ]
              }
            ],
            "hostname": "bastion",
            "id": "fhm03ied6audshj2dj7h",
            "labels": null,
            "local_disk": [],
            "maintenance_grace_period": "",
            "maintenance_policy": null,
            "metadata": {
              "user-data": "#cloud-config\n users:\n  - name: mastervm\n    groups: sudo\n    shell: /bin/bash\n    sudo: ['ALL=(ALL) NOPASSWD:ALL']\n    ssh-authorized-keys:\n     - ssh-ed25519 AAAAC3NzaC1lZDI1NTE5AAAAIJHhNLrpUHSW/nxyjBqWKENM56E30u2F4sw7el5aMjqA mastervm@mastervm\n"
            },
            "metadata_options": [
              {
                "aws_v1_http_endpoint": 1,
                "aws_v1_http_token": 2,
                "gce_http_endpoint": 1,
                "gce_http_token": 1
              }
            ],
            "name": "bastion",
            "network_acceleration_type": "standard",
            "network_interface": [
              {
                "dns_record": [],
                "index": 0,
                "ip_address": "192.168.50.10",
                "ipv4": true,
                "ipv6": false,
                "ipv6_address": "",
                "ipv6_dns_record": [],
                "mac_address": "d0:0d:1c:9c:d3:2b",
                "nat": true,
                "nat_dns_record": [],
                "nat_ip_address": "84.201.132.254",
                "nat_ip_version": "IPV4",
                "security_group_ids": [
                  "enp7plnbv2c47c8smilc",
                  "enpdg3ucr352hs2nk7hp",
                  "enphuu3igq8fvk25r5n9",
                  "enps3umuc6ktq16po3ie"
                ],
                "subnet_id": "e9bvjmaoamfe5e5tel5g"
              }
            ],
            "placement_policy": [
              {
                "host_affinity_rules": [],
                "placement_group_id": "",
                "placement_group_partition": 0
              }
            ],
            "platform_id": "standard-v1",
            "resources": [
              {
                "core_fraction": 20,
                "cores": 2,
                "gpus": 0,
                "memory": 2
              }
            ],
            "scheduling_policy": [
              {
                "preemptible": false
              }
            ],
            "secondary_disk": [],
            "service_account_id": "",
            "status": "running",
            "timeouts": null,
            "zone": "ru-central1-a"
          },
          "sensitive_attributes": [],
          "private": "eyJlMmJmYjczMC1lY2FhLTExZTYtOGY4OC0zNDM2M2JjN2M0YzAiOnsiY3JlYXRlIjozMDAwMDAwMDAwMDAsImRlbGV0ZSI6MzAwMDAwMDAwMDAwLCJ1cGRhdGUiOjMwMDAwMDAwMDAwMH0sInNjaGVtYV92ZXJzaW9uIjoiMSJ9",
          "dependencies": [
            "yandex_vpc_gateway.nat_gateway",
            "yandex_vpc_network.bastion-network",
            "yandex_vpc_route_table.rt",
            "yandex_vpc_security_group.egress-sg",
            "yandex_vpc_security_group.external-ssh-sg",
            "yandex_vpc_security_group.internal-ssh-sg",
            "yandex_vpc_security_group.zabbix-server-sg",
            "yandex_vpc_security_group.zabbix-sg",
            "yandex_vpc_subnet.bastion-external-segment",
            "yandex_vpc_subnet.bastion-internal-segment"
          ]
        }
      ]
    },
    {
      "mode": "managed",
      "type": "yandex_compute_instance",
      "name": "elasticsearch",
      "provider": "provider[\"registry.terraform.io/yandex-cloud/yandex\"]",
      "instances": [
        {
          "schema_version": 1,
          "attributes": {
            "allow_recreate": null,
            "allow_stopping_for_update": true,
            "boot_disk": [
              {
                "auto_delete": true,
                "device_name": "fhmd0i0gm2n65s4rpif8",
                "disk_id": "fhmd0i0gm2n65s4rpif8",
                "initialize_params": [
                  {
                    "block_size": 4096,
                    "description": "",
                    "image_id": "fd8s17cfki4sd4l6oa59",
                    "kms_key_id": "",
                    "name": "",
                    "size": 5,
                    "snapshot_id": "",
                    "type": "network-hdd"
                  }
                ],
                "mode": "READ_WRITE"
              }
            ],
            "created_at": "2025-04-14T16:59:24Z",
            "description": "",
            "filesystem": [],
            "folder_id": "b1gbfah1p548v9mq590n",
            "fqdn": "elasticsearch.ru-central1.internal",
            "gpu_cluster_id": "",
            "hardware_generation": [
              {
                "generation2_features": [],
                "legacy_features": [
                  {
                    "pci_topology": "PCI_TOPOLOGY_V1"
                  }
                ]
              }
            ],
            "hostname": "elasticsearch",
            "id": "fhmklar32n4tokf27dt5",
            "labels": null,
            "local_disk": [],
            "maintenance_grace_period": "",
            "maintenance_policy": null,
            "metadata": {
              "user-data": "#cloud-config\n users:\n  - name: mastervm\n    groups: sudo\n    shell: /bin/bash\n    sudo: ['ALL=(ALL) NOPASSWD:ALL']\n    ssh-authorized-keys:\n     - ssh-ed25519 AAAAC3NzaC1lZDI1NTE5AAAAIJHhNLrpUHSW/nxyjBqWKENM56E30u2F4sw7el5aMjqA mastervm@mastervm\n"
            },
            "metadata_options": [
              {
                "aws_v1_http_endpoint": 1,
                "aws_v1_http_token": 2,
                "gce_http_endpoint": 1,
                "gce_http_token": 1
              }
            ],
            "name": "elasticsearch",
            "network_acceleration_type": "standard",
            "network_interface": [
              {
                "dns_record": [],
                "index": 0,
                "ip_address": "192.168.10.30",
                "ipv4": true,
                "ipv6": false,
                "ipv6_address": "",
                "ipv6_dns_record": [],
                "mac_address": "d0:0d:14:aa:b6:31",
                "nat": false,
                "nat_dns_record": [],
                "nat_ip_address": "",
                "nat_ip_version": "",
                "security_group_ids": [
                  "enp7plnbv2c47c8smilc",
                  "enpdg3ucr352hs2nk7hp",
                  "enphuu3igq8fvk25r5n9",
                  "enpig6h91ip0p8remc6h",
                  "enps3umuc6ktq16po3ie"
                ],
                "subnet_id": "e9bsb39m8hvi0phe192m"
              }
            ],
            "placement_policy": [
              {
                "host_affinity_rules": [],
                "placement_group_id": "",
                "placement_group_partition": 0
              }
            ],
            "platform_id": "standard-v1",
            "resources": [
              {
                "core_fraction": 20,
                "cores": 2,
                "gpus": 0,
                "memory": 2
              }
            ],
            "scheduling_policy": [
              {
                "preemptible": false
              }
            ],
            "secondary_disk": [],
            "service_account_id": "",
            "status": "running",
            "timeouts": null,
            "zone": "ru-central1-a"
          },
          "sensitive_attributes": [],
          "private": "eyJlMmJmYjczMC1lY2FhLTExZTYtOGY4OC0zNDM2M2JjN2M0YzAiOnsiY3JlYXRlIjozMDAwMDAwMDAwMDAsImRlbGV0ZSI6MzAwMDAwMDAwMDAwLCJ1cGRhdGUiOjMwMDAwMDAwMDAwMH0sInNjaGVtYV92ZXJzaW9uIjoiMSJ9",
          "dependencies": [
            "yandex_vpc_gateway.nat_gateway",
            "yandex_vpc_network.bastion-network",
            "yandex_vpc_route_table.rt",
            "yandex_vpc_security_group.egress-sg",
            "yandex_vpc_security_group.elastic-sg",
            "yandex_vpc_security_group.external-ssh-sg",
            "yandex_vpc_security_group.internal-ssh-sg",
            "yandex_vpc_security_group.zabbix-server-sg",
            "yandex_vpc_security_group.zabbix-sg",
            "yandex_vpc_subnet.bastion-external-segment",
            "yandex_vpc_subnet.bastion-internal-segment"
          ]
        }
      ]
    },
    {
      "mode": "managed",
      "type": "yandex_compute_instance",
      "name": "kibana",
      "provider": "provider[\"registry.terraform.io/yandex-cloud/yandex\"]",
      "instances": [
        {
          "schema_version": 1,
          "attributes": {
            "allow_recreate": null,
            "allow_stopping_for_update": true,
            "boot_disk": [
              {
                "auto_delete": true,
                "device_name": "fhmlp08s14t37n6vc3sh",
                "disk_id": "fhmlp08s14t37n6vc3sh",
                "initialize_params": [
                  {
                    "block_size": 4096,
                    "description": "",
                    "image_id": "fd8s17cfki4sd4l6oa59",
                    "kms_key_id": "",
                    "name": "",
                    "size": 5,
                    "snapshot_id": "",
                    "type": "network-hdd"
                  }
                ],
                "mode": "READ_WRITE"
              }
            ],
            "created_at": "2025-04-14T16:59:24Z",
            "description": "",
            "filesystem": [],
            "folder_id": "b1gbfah1p548v9mq590n",
            "fqdn": "kibana.ru-central1.internal",
            "gpu_cluster_id": "",
            "hardware_generation": [
              {
                "generation2_features": [],
                "legacy_features": [
                  {
                    "pci_topology": "PCI_TOPOLOGY_V1"
                  }
                ]
              }
            ],
            "hostname": "kibana",
            "id": "fhmo1j6n4ok9to0v8ro0",
            "labels": null,
            "local_disk": [],
            "maintenance_grace_period": "",
            "maintenance_policy": null,
            "metadata": {
              "user-data": "#cloud-config\n users:\n  - name: mastervm\n    groups: sudo\n    shell: /bin/bash\n    sudo: ['ALL=(ALL) NOPASSWD:ALL']\n    ssh-authorized-keys:\n     - ssh-ed25519 AAAAC3NzaC1lZDI1NTE5AAAAIJHhNLrpUHSW/nxyjBqWKENM56E30u2F4sw7el5aMjqA mastervm@mastervm\n"
            },
            "metadata_options": [
              {
                "aws_v1_http_endpoint": 1,
                "aws_v1_http_token": 2,
                "gce_http_endpoint": 1,
                "gce_http_token": 1
              }
            ],
            "name": "kibana",
            "network_acceleration_type": "standard",
            "network_interface": [
              {
                "dns_record": [],
                "index": 0,
                "ip_address": "192.168.50.30",
                "ipv4": true,
                "ipv6": false,
                "ipv6_address": "",
                "ipv6_dns_record": [],
                "mac_address": "d0:0d:18:0c:cd:72",
                "nat": true,
                "nat_dns_record": [],
                "nat_ip_address": "158.160.110.188",
                "nat_ip_version": "IPV4",
                "security_group_ids": [
                  "enp5hde0j1kgd4c71u34",
                  "enp7plnbv2c47c8smilc",
                  "enpdg3ucr352hs2nk7hp",
                  "enphuu3igq8fvk25r5n9",
                  "enps3umuc6ktq16po3ie"
                ],
                "subnet_id": "e9bvjmaoamfe5e5tel5g"
              }
            ],
            "placement_policy": [
              {
                "host_affinity_rules": [],
                "placement_group_id": "",
                "placement_group_partition": 0
              }
            ],
            "platform_id": "standard-v1",
            "resources": [
              {
                "core_fraction": 20,
                "cores": 2,
                "gpus": 0,
                "memory": 2
              }
            ],
            "scheduling_policy": [
              {
                "preemptible": false
              }
            ],
            "secondary_disk": [],
            "service_account_id": "",
            "status": "running",
            "timeouts": null,
            "zone": "ru-central1-a"
          },
          "sensitive_attributes": [],
          "private": "eyJlMmJmYjczMC1lY2FhLTExZTYtOGY4OC0zNDM2M2JjN2M0YzAiOnsiY3JlYXRlIjozMDAwMDAwMDAwMDAsImRlbGV0ZSI6MzAwMDAwMDAwMDAwLCJ1cGRhdGUiOjMwMDAwMDAwMDAwMH0sInNjaGVtYV92ZXJzaW9uIjoiMSJ9",
          "dependencies": [
            "yandex_vpc_gateway.nat_gateway",
            "yandex_vpc_network.bastion-network",
            "yandex_vpc_route_table.rt",
            "yandex_vpc_security_group.egress-sg",
            "yandex_vpc_security_group.external-ssh-sg",
            "yandex_vpc_security_group.internal-ssh-sg",
            "yandex_vpc_security_group.kibana-sg",
            "yandex_vpc_security_group.zabbix-server-sg",
            "yandex_vpc_security_group.zabbix-sg",
            "yandex_vpc_subnet.bastion-external-segment",
            "yandex_vpc_subnet.bastion-internal-segment"
          ]
        }
      ]
    },
    {
      "mode": "managed",
      "type": "yandex_compute_instance",
      "name": "webserver-1",
      "provider": "provider[\"registry.terraform.io/yandex-cloud/yandex\"]",
      "instances": [
        {
          "schema_version": 1,
          "attributes": {
            "allow_recreate": null,
            "allow_stopping_for_update": true,
            "boot_disk": [
              {
                "auto_delete": true,
                "device_name": "fhmfsgov9v1prnphahmg",
                "disk_id": "fhmfsgov9v1prnphahmg",
                "initialize_params": [
                  {
                    "block_size": 4096,
                    "description": "",
                    "image_id": "fd8s17cfki4sd4l6oa59",
                    "kms_key_id": "",
                    "name": "",
                    "size": 5,
                    "snapshot_id": "",
                    "type": "network-hdd"
                  }
                ],
                "mode": "READ_WRITE"
              }
            ],
            "created_at": "2025-04-14T16:59:22Z",
            "description": "",
            "filesystem": [],
            "folder_id": "b1gbfah1p548v9mq590n",
            "fqdn": "webserver-1.ru-central1.internal",
            "gpu_cluster_id": "",
            "hardware_generation": [
              {
                "generation2_features": [],
                "legacy_features": [
                  {
                    "pci_topology": "PCI_TOPOLOGY_V1"
                  }
                ]
              }
            ],
            "hostname": "webserver-1",
            "id": "fhm096v4h11e9t40e2qj",
            "labels": null,
            "local_disk": [],
            "maintenance_grace_period": "",
            "maintenance_policy": null,
            "metadata": {
              "user-data": "#cloud-config\n users:\n  - name: mastervm\n    groups: sudo\n    shell: /bin/bash\n    sudo: ['ALL=(ALL) NOPASSWD:ALL']\n    ssh-authorized-keys:\n     - ssh-ed25519 AAAAC3NzaC1lZDI1NTE5AAAAIJHhNLrpUHSW/nxyjBqWKENM56E30u2F4sw7el5aMjqA mastervm@mastervm\n"
            },
            "metadata_options": [
              {
                "aws_v1_http_endpoint": 1,
                "aws_v1_http_token": 2,
                "gce_http_endpoint": 1,
                "gce_http_token": 1
              }
            ],
            "name": "webserver-1",
            "network_acceleration_type": "standard",
            "network_interface": [
              {
                "dns_record": [],
                "index": 0,
                "ip_address": "192.168.10.10",
                "ipv4": true,
                "ipv6": false,
                "ipv6_address": "",
                "ipv6_dns_record": [],
                "mac_address": "d0:0d:49:be:48:84",
                "nat": false,
                "nat_dns_record": [],
                "nat_ip_address": "",
                "nat_ip_version": "",
                "security_group_ids": [
                  "enp7plnbv2c47c8smilc",
                  "enpdg3ucr352hs2nk7hp",
                  "enpjecmrvpttvcro2oi7",
                  "enps3umuc6ktq16po3ie"
                ],
                "subnet_id": "e9bsb39m8hvi0phe192m"
              }
            ],
            "placement_policy": [
              {
                "host_affinity_rules": [],
                "placement_group_id": "",
                "placement_group_partition": 0
              }
            ],
            "platform_id": "standard-v1",
            "resources": [
              {
                "core_fraction": 20,
                "cores": 2,
                "gpus": 0,
                "memory": 2
              }
            ],
            "scheduling_policy": [
              {
                "preemptible": false
              }
            ],
            "secondary_disk": [],
            "service_account_id": "",
            "status": "running",
            "timeouts": null,
            "zone": "ru-central1-a"
          },
          "sensitive_attributes": [],
          "private": "eyJlMmJmYjczMC1lY2FhLTExZTYtOGY4OC0zNDM2M2JjN2M0YzAiOnsiY3JlYXRlIjozMDAwMDAwMDAwMDAsImRlbGV0ZSI6MzAwMDAwMDAwMDAwLCJ1cGRhdGUiOjMwMDAwMDAwMDAwMH0sInNjaGVtYV92ZXJzaW9uIjoiMSJ9",
          "dependencies": [
            "yandex_vpc_gateway.nat_gateway",
            "yandex_vpc_network.bastion-network",
            "yandex_vpc_route_table.rt",
            "yandex_vpc_security_group.alb-sg",
            "yandex_vpc_security_group.alb-vm-sg",
            "yandex_vpc_security_group.egress-sg",
            "yandex_vpc_security_group.internal-ssh-sg",
            "yandex_vpc_security_group.zabbix-server-sg",
            "yandex_vpc_security_group.zabbix-sg",
            "yandex_vpc_subnet.bastion-external-segment",
            "yandex_vpc_subnet.bastion-internal-segment"
          ]
        }
      ]
    },
    {
      "mode": "managed",
      "type": "yandex_compute_instance",
      "name": "webserver-2",
      "provider": "provider[\"registry.terraform.io/yandex-cloud/yandex\"]",
      "instances": [
        {
          "schema_version": 1,
          "attributes": {
            "allow_recreate": null,
            "allow_stopping_for_update": true,
            "boot_disk": [
              {
                "auto_delete": true,
                "device_name": "fhm4gbognuihspr5cspf",
                "disk_id": "fhm4gbognuihspr5cspf",
                "initialize_params": [
                  {
                    "block_size": 4096,
                    "description": "",
                    "image_id": "fd8s17cfki4sd4l6oa59",
                    "kms_key_id": "",
                    "name": "",
                    "size": 5,
                    "snapshot_id": "",
                    "type": "network-hdd"
                  }
                ],
                "mode": "READ_WRITE"
              }
            ],
            "created_at": "2025-04-14T16:59:22Z",
            "description": "",
            "filesystem": [],
            "folder_id": "b1gbfah1p548v9mq590n",
            "fqdn": "webserver-2.ru-central1.internal",
            "gpu_cluster_id": "",
            "hardware_generation": [
              {
                "generation2_features": [],
                "legacy_features": [
                  {
                    "pci_topology": "PCI_TOPOLOGY_V1"
                  }
                ]
              }
            ],
            "hostname": "webserver-2",
            "id": "fhmprj9pegim41j123sc",
            "labels": null,
            "local_disk": [],
            "maintenance_grace_period": "",
            "maintenance_policy": null,
            "metadata": {
              "user-data": "#cloud-config\n users:\n  - name: mastervm\n    groups: sudo\n    shell: /bin/bash\n    sudo: ['ALL=(ALL) NOPASSWD:ALL']\n    ssh-authorized-keys:\n     - ssh-ed25519 AAAAC3NzaC1lZDI1NTE5AAAAIJHhNLrpUHSW/nxyjBqWKENM56E30u2F4sw7el5aMjqA mastervm@mastervm\n"
            },
            "metadata_options": [
              {
                "aws_v1_http_endpoint": 1,
                "aws_v1_http_token": 2,
                "gce_http_endpoint": 1,
                "gce_http_token": 1
              }
            ],
            "name": "webserver-2",
            "network_acceleration_type": "standard",
            "network_interface": [
              {
                "dns_record": [],
                "index": 0,
                "ip_address": "192.168.10.20",
                "ipv4": true,
                "ipv6": false,
                "ipv6_address": "",
                "ipv6_dns_record": [],
                "mac_address": "d0:0d:19:dc:d3:97",
                "nat": false,
                "nat_dns_record": [],
                "nat_ip_address": "",
                "nat_ip_version": "",
                "security_group_ids": [
                  "enp7plnbv2c47c8smilc",
                  "enpdg3ucr352hs2nk7hp",
                  "enpjecmrvpttvcro2oi7",
                  "enps3umuc6ktq16po3ie"
                ],
                "subnet_id": "e9bsb39m8hvi0phe192m"
              }
            ],
            "placement_policy": [
              {
                "host_affinity_rules": [],
                "placement_group_id": "",
                "placement_group_partition": 0
              }
            ],
            "platform_id": "standard-v1",
            "resources": [
              {
                "core_fraction": 20,
                "cores": 2,
                "gpus": 0,
                "memory": 2
              }
            ],
            "scheduling_policy": [
              {
                "preemptible": false
              }
            ],
            "secondary_disk": [],
            "service_account_id": "",
            "status": "running",
            "timeouts": null,
            "zone": "ru-central1-a"
          },
          "sensitive_attributes": [],
          "private": "eyJlMmJmYjczMC1lY2FhLTExZTYtOGY4OC0zNDM2M2JjN2M0YzAiOnsiY3JlYXRlIjozMDAwMDAwMDAwMDAsImRlbGV0ZSI6MzAwMDAwMDAwMDAwLCJ1cGRhdGUiOjMwMDAwMDAwMDAwMH0sInNjaGVtYV92ZXJzaW9uIjoiMSJ9",
          "dependencies": [
            "yandex_vpc_gateway.nat_gateway",
            "yandex_vpc_network.bastion-network",
            "yandex_vpc_route_table.rt",
            "yandex_vpc_security_group.alb-sg",
            "yandex_vpc_security_group.alb-vm-sg",
            "yandex_vpc_security_group.egress-sg",
            "yandex_vpc_security_group.internal-ssh-sg",
            "yandex_vpc_security_group.zabbix-server-sg",
            "yandex_vpc_security_group.zabbix-sg",
            "yandex_vpc_subnet.bastion-external-segment",
            "yandex_vpc_subnet.bastion-internal-segment"
          ]
        }
      ]
    },
    {
      "mode": "managed",
      "type": "yandex_compute_instance",
      "name": "zabbix-server",
      "provider": "provider[\"registry.terraform.io/yandex-cloud/yandex\"]",
      "instances": [
        {
          "schema_version": 1,
          "attributes": {
            "allow_recreate": null,
            "allow_stopping_for_update": true,
            "boot_disk": [
              {
                "auto_delete": true,
                "device_name": "fhm2u9t4l7bb97cg1mem",
                "disk_id": "fhm2u9t4l7bb97cg1mem",
                "initialize_params": [
                  {
                    "block_size": 4096,
                    "description": "",
                    "image_id": "fd8s17cfki4sd4l6oa59",
                    "kms_key_id": "",
                    "name": "",
                    "size": 5,
                    "snapshot_id": "",
                    "type": "network-hdd"
                  }
                ],
                "mode": "READ_WRITE"
              }
            ],
            "created_at": "2025-04-14T16:59:24Z",
            "description": "",
            "filesystem": [],
            "folder_id": "b1gbfah1p548v9mq590n",
            "fqdn": "zabbix-server.ru-central1.internal",
            "gpu_cluster_id": "",
            "hardware_generation": [
              {
                "generation2_features": [],
                "legacy_features": [
                  {
                    "pci_topology": "PCI_TOPOLOGY_V1"
                  }
                ]
              }
            ],
            "hostname": "zabbix-server",
            "id": "fhmt0tomiuukgespmb11",
            "labels": null,
            "local_disk": [],
            "maintenance_grace_period": "",
            "maintenance_policy": null,
            "metadata": {
              "user-data": "#cloud-config\n users:\n  - name: mastervm\n    groups: sudo\n    shell: /bin/bash\n    sudo: ['ALL=(ALL) NOPASSWD:ALL']\n    ssh-authorized-keys:\n     - ssh-ed25519 AAAAC3NzaC1lZDI1NTE5AAAAIJHhNLrpUHSW/nxyjBqWKENM56E30u2F4sw7el5aMjqA mastervm@mastervm\n"
            },
            "metadata_options": [
              {
                "aws_v1_http_endpoint": 1,
                "aws_v1_http_token": 2,
                "gce_http_endpoint": 1,
                "gce_http_token": 1
              }
            ],
            "name": "zabbix-server",
            "network_acceleration_type": "standard",
            "network_interface": [
              {
                "dns_record": [],
                "index": 0,
                "ip_address": "192.168.50.20",
                "ipv4": true,
                "ipv6": false,
                "ipv6_address": "",
                "ipv6_dns_record": [],
                "mac_address": "d0:0d:1d:07:71:69",
                "nat": true,
                "nat_dns_record": [],
                "nat_ip_address": "158.160.102.116",
                "nat_ip_version": "IPV4",
                "security_group_ids": [
                  "enp7plnbv2c47c8smilc",
                  "enpcadatee7hdm2e4ji7",
                  "enpdg3ucr352hs2nk7hp",
                  "enphuu3igq8fvk25r5n9"
                ],
                "subnet_id": "e9bvjmaoamfe5e5tel5g"
              }
            ],
            "placement_policy": [
              {
                "host_affinity_rules": [],
                "placement_group_id": "",
                "placement_group_partition": 0
              }
            ],
            "platform_id": "standard-v1",
            "resources": [
              {
                "core_fraction": 20,
                "cores": 2,
                "gpus": 0,
                "memory": 2
              }
            ],
            "scheduling_policy": [
              {
                "preemptible": false
              }
            ],
            "secondary_disk": [],
            "service_account_id": "",
            "status": "running",
            "timeouts": null,
            "zone": "ru-central1-a"
          },
          "sensitive_attributes": [],
          "private": "eyJlMmJmYjczMC1lY2FhLTExZTYtOGY4OC0zNDM2M2JjN2M0YzAiOnsiY3JlYXRlIjozMDAwMDAwMDAwMDAsImRlbGV0ZSI6MzAwMDAwMDAwMDAwLCJ1cGRhdGUiOjMwMDAwMDAwMDAwMH0sInNjaGVtYV92ZXJzaW9uIjoiMSJ9",
          "dependencies": [
            "yandex_vpc_gateway.nat_gateway",
            "yandex_vpc_network.bastion-network",
            "yandex_vpc_route_table.rt",
            "yandex_vpc_security_group.egress-sg",
            "yandex_vpc_security_group.external-ssh-sg",
            "yandex_vpc_security_group.internal-ssh-sg",
            "yandex_vpc_security_group.zabbix-server-sg",
            "yandex_vpc_subnet.bastion-external-segment",
            "yandex_vpc_subnet.bastion-internal-segment"
          ]
        }
      ]
    },
    {
      "mode": "managed",
      "type": "yandex_compute_snapshot_schedule",
      "name": "snapshot",
      "provider": "provider[\"registry.terraform.io/yandex-cloud/yandex\"]",
      "instances": [
        {
          "schema_version": 0,
          "attributes": {
            "created_at": "2025-04-14T17:00:10Z",
            "description": "",
            "disk_ids": [
              "fhm2u9t4l7bb97cg1mem",
              "fhm4gbognuihspr5cspf",
              "fhmd0i0gm2n65s4rpif8",
              "fhmfsgov9v1prnphahmg",
              "fhmi0sf0orkqva3rjabu",
              "fhmlp08s14t37n6vc3sh"
            ],
            "folder_id": "b1gbfah1p548v9mq590n",
            "id": "fd8v126bk5sm06ls57ro",
            "labels": null,
            "name": "snapshot",
            "retention_period": "",
            "schedule_policy": [
              {
                "expression": "0 15 ? * *",
                "start_at": "1970-01-01T00:00:00Z"
              }
            ],
            "snapshot_count": 7,
            "snapshot_spec": [
              {
                "description": "daily-snapshot",
                "labels": null
              }
            ],
            "status": "active",
            "timeouts": null
          },
          "sensitive_attributes": [],
          "private": "eyJlMmJmYjczMC1lY2FhLTExZTYtOGY4OC0zNDM2M2JjN2M0YzAiOnsiY3JlYXRlIjozMDAwMDAwMDAwMDAsImRlbGV0ZSI6MzAwMDAwMDAwMDAwLCJ1cGRhdGUiOjMwMDAwMDAwMDAwMH19",
          "dependencies": [
            "yandex_compute_instance.bastion",
            "yandex_compute_instance.elasticsearch",
            "yandex_compute_instance.kibana",
            "yandex_compute_instance.webserver-1",
            "yandex_compute_instance.webserver-2",
            "yandex_compute_instance.zabbix-server",
            "yandex_vpc_gateway.nat_gateway",
            "yandex_vpc_network.bastion-network",
            "yandex_vpc_route_table.rt",
            "yandex_vpc_security_group.alb-sg",
            "yandex_vpc_security_group.alb-vm-sg",
            "yandex_vpc_security_group.egress-sg",
            "yandex_vpc_security_group.elastic-sg",
            "yandex_vpc_security_group.external-ssh-sg",
            "yandex_vpc_security_group.internal-ssh-sg",
            "yandex_vpc_security_group.kibana-sg",
            "yandex_vpc_security_group.zabbix-server-sg",
            "yandex_vpc_security_group.zabbix-sg",
            "yandex_vpc_subnet.bastion-external-segment",
            "yandex_vpc_subnet.bastion-internal-segment"
          ]
        }
      ]
    },
    {
      "mode": "managed",
      "type": "yandex_vpc_gateway",
      "name": "nat_gateway",
      "provider": "provider[\"registry.terraform.io/yandex-cloud/yandex\"]",
      "instances": [
        {
          "schema_version": 0,
          "attributes": {
            "created_at": "2025-04-14T16:58:57Z",
            "description": "",
            "folder_id": "b1gbfah1p548v9mq590n",
            "id": "enpkq14u0f777ujhivak",
            "labels": {},
            "name": "nat-gateway",
            "shared_egress_gateway": [
              {}
            ],
            "timeouts": null
          },
          "sensitive_attributes": [],
          "private": "eyJlMmJmYjczMC1lY2FhLTExZTYtOGY4OC0zNDM2M2JjN2M0YzAiOnsiY3JlYXRlIjo2MDAwMDAwMDAwMCwiZGVsZXRlIjo2MDAwMDAwMDAwMCwidXBkYXRlIjo2MDAwMDAwMDAwMH19"
        }
      ]
    },
    {
      "mode": "managed",
      "type": "yandex_vpc_network",
      "name": "bastion-network",
      "provider": "provider[\"registry.terraform.io/yandex-cloud/yandex\"]",
      "instances": [
        {
          "schema_version": 0,
          "attributes": {
            "created_at": "2025-04-14T16:58:57Z",
            "default_security_group_id": "enpvnlngm55p86biiv12",
            "description": "",
            "folder_id": "b1gbfah1p548v9mq590n",
            "id": "enpno8opneg27u3mgqd1",
            "labels": {},
            "name": "bastion-network",
            "subnet_ids": [],
            "timeouts": null
          },
          "sensitive_attributes": [],
          "private": "eyJlMmJmYjczMC1lY2FhLTExZTYtOGY4OC0zNDM2M2JjN2M0YzAiOnsiY3JlYXRlIjo2MDAwMDAwMDAwMCwiZGVsZXRlIjo2MDAwMDAwMDAwMCwidXBkYXRlIjo2MDAwMDAwMDAwMH19"
        }
      ]
    },
    {
      "mode": "managed",
      "type": "yandex_vpc_route_table",
      "name": "rt",
      "provider": "provider[\"registry.terraform.io/yandex-cloud/yandex\"]",
      "instances": [
        {
          "schema_version": 0,
          "attributes": {
            "created_at": "2025-04-14T16:59:01Z",
            "description": "",
            "folder_id": "b1gbfah1p548v9mq590n",
            "id": "enp4g26363nkbd1g3b6b",
            "labels": {},
            "name": "rt",
            "network_id": "enpno8opneg27u3mgqd1",
            "static_route": [
              {
                "destination_prefix": "0.0.0.0/0",
                "gateway_id": "enpkq14u0f777ujhivak",
                "next_hop_address": ""
              }
            ],
            "timeouts": null
          },
          "sensitive_attributes": [],
          "private": "eyJlMmJmYjczMC1lY2FhLTExZTYtOGY4OC0zNDM2M2JjN2M0YzAiOnsiY3JlYXRlIjoxODAwMDAwMDAwMDAsImRlbGV0ZSI6MTgwMDAwMDAwMDAwLCJ1cGRhdGUiOjE4MDAwMDAwMDAwMH19",
          "dependencies": [
            "yandex_vpc_gateway.nat_gateway",
            "yandex_vpc_network.bastion-network"
          ]
        }
      ]
    },
    {
      "mode": "managed",
      "type": "yandex_vpc_security_group",
      "name": "alb-sg",
      "provider": "provider[\"registry.terraform.io/yandex-cloud/yandex\"]",
      "instances": [
        {
          "schema_version": 0,
          "attributes": {
            "created_at": "2025-04-14T16:59:04Z",
            "description": "",
            "egress": [],
            "folder_id": "b1gbfah1p548v9mq590n",
            "id": "enpm1tgcajobk7j8jt4j",
            "ingress": [
              {
                "description": "",
                "from_port": -1,
                "id": "enpt63p7rq4s67hf90tb",
                "labels": {},
                "port": 80,
                "predefined_target": "",
                "protocol": "TCP",
                "security_group_id": "",
                "to_port": -1,
                "v4_cidr_blocks": [
                  "0.0.0.0/0"
                ],
                "v6_cidr_blocks": []
              },
              {
                "description": "healthchecks",
                "from_port": -1,
                "id": "enp3oe6tm1n76lnj7m7u",
                "labels": {},
                "port": 30080,
                "predefined_target": "loadbalancer_healthchecks",
                "protocol": "TCP",
                "security_group_id": "",
                "to_port": -1,
                "v4_cidr_blocks": [],
                "v6_cidr_blocks": []
              }
            ],
            "labels": {},
            "name": "alb-sg",
            "network_id": "enpno8opneg27u3mgqd1",
            "status": "ACTIVE",
            "timeouts": null
          },
          "sensitive_attributes": [],
          "private": "eyJlMmJmYjczMC1lY2FhLTExZTYtOGY4OC0zNDM2M2JjN2M0YzAiOnsiY3JlYXRlIjoxODAwMDAwMDAwMDAsImRlbGV0ZSI6MTgwMDAwMDAwMDAwLCJ1cGRhdGUiOjE4MDAwMDAwMDAwMH19",
          "dependencies": [
            "yandex_vpc_network.bastion-network"
          ]
        }
      ]
    },
    {
      "mode": "managed",
      "type": "yandex_vpc_security_group",
      "name": "alb-vm-sg",
      "provider": "provider[\"registry.terraform.io/yandex-cloud/yandex\"]",
      "instances": [
        {
          "schema_version": 0,
          "attributes": {
            "created_at": "2025-04-14T16:59:10Z",
            "description": "",
            "egress": [],
            "folder_id": "b1gbfah1p548v9mq590n",
            "id": "enpjecmrvpttvcro2oi7",
            "ingress": [
              {
                "description": "",
                "from_port": -1,
                "id": "enp5bah2rtlheadf0ujc",
                "labels": {},
                "port": 80,
                "predefined_target": "",
                "protocol": "TCP",
                "security_group_id": "enpm1tgcajobk7j8jt4j",
                "to_port": -1,
                "v4_cidr_blocks": [],
                "v6_cidr_blocks": []
              },
              {
                "description": "ssh",
                "from_port": -1,
                "id": "enpbr7ke80urqk46seou",
                "labels": {},
                "port": 22,
                "predefined_target": "",
                "protocol": "TCP",
                "security_group_id": "",
                "to_port": -1,
                "v4_cidr_blocks": [
                  "0.0.0.0/0"
                ],
                "v6_cidr_blocks": []
              }
            ],
            "labels": {},
            "name": "alb-vm-sg",
            "network_id": "enpno8opneg27u3mgqd1",
            "status": "ACTIVE",
            "timeouts": null
          },
          "sensitive_attributes": [],
          "private": "eyJlMmJmYjczMC1lY2FhLTExZTYtOGY4OC0zNDM2M2JjN2M0YzAiOnsiY3JlYXRlIjoxODAwMDAwMDAwMDAsImRlbGV0ZSI6MTgwMDAwMDAwMDAwLCJ1cGRhdGUiOjE4MDAwMDAwMDAwMH19",
          "dependencies": [
            "yandex_vpc_network.bastion-network",
            "yandex_vpc_security_group.alb-sg"
          ]
        }
      ]
    },
    {
      "mode": "managed",
      "type": "yandex_vpc_security_group",
      "name": "egress-sg",
      "provider": "provider[\"registry.terraform.io/yandex-cloud/yandex\"]",
      "instances": [
        {
          "schema_version": 0,
          "attributes": {
            "created_at": "2025-04-14T16:59:02Z",
            "description": "",
            "egress": [
              {
                "description": "",
                "from_port": 0,
                "id": "enpoupq1cp7ree1np8rb",
                "labels": {},
                "port": -1,
                "predefined_target": "",
                "protocol": "ANY",
                "security_group_id": "",
                "to_port": 65535,
                "v4_cidr_blocks": [
                  "0.0.0.0/0"
                ],
                "v6_cidr_blocks": []
              }
            ],
            "folder_id": "b1gbfah1p548v9mq590n",
            "id": "enpdg3ucr352hs2nk7hp",
            "ingress": [],
            "labels": {},
            "name": "egress-sg",
            "network_id": "enpno8opneg27u3mgqd1",
            "status": "ACTIVE",
            "timeouts": null
          },
          "sensitive_attributes": [],
          "private": "eyJlMmJmYjczMC1lY2FhLTExZTYtOGY4OC0zNDM2M2JjN2M0YzAiOnsiY3JlYXRlIjoxODAwMDAwMDAwMDAsImRlbGV0ZSI6MTgwMDAwMDAwMDAwLCJ1cGRhdGUiOjE4MDAwMDAwMDAwMH19",
          "dependencies": [
            "yandex_vpc_network.bastion-network"
          ]
        }
      ]
    },
    {
      "mode": "managed",
      "type": "yandex_vpc_security_group",
      "name": "elastic-sg",
      "provider": "provider[\"registry.terraform.io/yandex-cloud/yandex\"]",
      "instances": [
        {
          "schema_version": 0,
          "attributes": {
            "created_at": "2025-04-14T16:59:06Z",
            "description": "",
            "egress": [],
            "folder_id": "b1gbfah1p548v9mq590n",
            "id": "enpig6h91ip0p8remc6h",
            "ingress": [
              {
                "description": "",
                "from_port": -1,
                "id": "enph4hau3ggom5hlf38c",
                "labels": {},
                "port": 9300,
                "predefined_target": "",
                "protocol": "TCP",
                "security_group_id": "",
                "to_port": -1,
                "v4_cidr_blocks": [
                  "192.168.50.0/24"
                ],
                "v6_cidr_blocks": []
              },
              {
                "description": "",
                "from_port": -1,
                "id": "enpjq03qjrmief7p3rqo",
                "labels": {},
                "port": 9300,
                "predefined_target": "",
                "protocol": "TCP",
                "security_group_id": "",
                "to_port": -1,
                "v4_cidr_blocks": [
                  "192.168.10.0/27"
                ],
                "v6_cidr_blocks": []
              },
              {
                "description": "",
                "from_port": -1,
                "id": "enpp19efc5i00t2g6u00",
                "labels": {},
                "port": 9200,
                "predefined_target": "",
                "protocol": "TCP",
                "security_group_id": "",
                "to_port": -1,
                "v4_cidr_blocks": [
                  "192.168.10.0/27"
                ],
                "v6_cidr_blocks": []
              },
              {
                "description": "",
                "from_port": -1,
                "id": "enpue94o8g9gsq4b6i2c",
                "labels": {},
                "port": 9200,
                "predefined_target": "",
                "protocol": "TCP",
                "security_group_id": "",
                "to_port": -1,
                "v4_cidr_blocks": [
                  "192.168.50.0/24"
                ],
                "v6_cidr_blocks": []
              }
            ],
            "labels": {},
            "name": "elastic-sg",
            "network_id": "enpno8opneg27u3mgqd1",
            "status": "ACTIVE",
            "timeouts": null
          },
          "sensitive_attributes": [],
          "private": "eyJlMmJmYjczMC1lY2FhLTExZTYtOGY4OC0zNDM2M2JjN2M0YzAiOnsiY3JlYXRlIjoxODAwMDAwMDAwMDAsImRlbGV0ZSI6MTgwMDAwMDAwMDAwLCJ1cGRhdGUiOjE4MDAwMDAwMDAwMH19",
          "dependencies": [
            "yandex_vpc_gateway.nat_gateway",
            "yandex_vpc_network.bastion-network",
            "yandex_vpc_route_table.rt",
            "yandex_vpc_subnet.bastion-external-segment",
            "yandex_vpc_subnet.bastion-internal-segment"
          ]
        }
      ]
    },
    {
      "mode": "managed",
      "type": "yandex_vpc_security_group",
      "name": "external-ssh-sg",
      "provider": "provider[\"registry.terraform.io/yandex-cloud/yandex\"]",
      "instances": [
        {
          "schema_version": 0,
          "attributes": {
            "created_at": "2025-04-14T16:59:23Z",
            "description": "Внешний ssh//external ssh",
            "egress": [
              {
                "description": "Исходящий трафик TCP. на порт 22. на локальный SSH (internal-ssh-sg)",
                "from_port": -1,
                "id": "enpsu793gs07aiij052r",
                "labels": {},
                "port": 22,
                "predefined_target": "",
                "protocol": "TCP",
                "security_group_id": "enp7plnbv2c47c8smilc",
                "to_port": -1,
                "v4_cidr_blocks": [],
                "v6_cidr_blocks": []
              },
              {
                "description": "Исходящий трафик любой. На любой адрес. На любой порт",
                "from_port": 0,
                "id": "enpe72uka942ok924evd",
                "labels": {},
                "port": -1,
                "predefined_target": "",
                "protocol": "ANY",
                "security_group_id": "",
                "to_port": 65535,
                "v4_cidr_blocks": [
                  "0.0.0.0/0"
                ],
                "v6_cidr_blocks": []
              }
            ],
            "folder_id": "b1gbfah1p548v9mq590n",
            "id": "enphuu3igq8fvk25r5n9",
            "ingress": [
              {
                "description": "Входящий трафик TCP. из локального SSH (internal-ssh-sg). на 22й порт",
                "from_port": -1,
                "id": "enp0knh7359015c6j88r",
                "labels": {},
                "port": 22,
                "predefined_target": "",
                "protocol": "TCP",
                "security_group_id": "enp7plnbv2c47c8smilc",
                "to_port": -1,
                "v4_cidr_blocks": [],
                "v6_cidr_blocks": []
              },
              {
                "description": "Входящий трафик TCP. с любого адреса. на порт 22",
                "from_port": -1,
                "id": "enpv41d5i13u6dcuo1a7",
                "labels": {},
                "port": 22,
                "predefined_target": "",
                "protocol": "TCP",
                "security_group_id": "",
                "to_port": -1,
                "v4_cidr_blocks": [
                  "0.0.0.0/0"
                ],
                "v6_cidr_blocks": []
              }
            ],
            "labels": {},
            "name": "external-ssh-sg",
            "network_id": "enpno8opneg27u3mgqd1",
            "status": "ACTIVE",
            "timeouts": null
          },
          "sensitive_attributes": [],
          "private": "eyJlMmJmYjczMC1lY2FhLTExZTYtOGY4OC0zNDM2M2JjN2M0YzAiOnsiY3JlYXRlIjoxODAwMDAwMDAwMDAsImRlbGV0ZSI6MTgwMDAwMDAwMDAwLCJ1cGRhdGUiOjE4MDAwMDAwMDAwMH19",
          "dependencies": [
            "yandex_vpc_network.bastion-network",
            "yandex_vpc_security_group.internal-ssh-sg"
          ]
        }
      ]
    },
    {
      "mode": "managed",
      "type": "yandex_vpc_security_group",
      "name": "internal-ssh-sg",
      "provider": "provider[\"registry.terraform.io/yandex-cloud/yandex\"]",
      "instances": [
        {
          "schema_version": 0,
          "attributes": {
            "created_at": "2025-04-14T16:59:21Z",
            "description": "Внутренний локальный ssh/Internal ssh",
            "egress": [
              {
                "description": "Исходящий трафик TCP на 22й порт. Из пула локальных подсетей?",
                "from_port": -1,
                "id": "enpgjvvod67s6lgd6bgh",
                "labels": {},
                "port": 22,
                "predefined_target": "",
                "protocol": "TCP",
                "security_group_id": "",
                "to_port": -1,
                "v4_cidr_blocks": [
                  "192.168.10.0/24"
                ],
                "v6_cidr_blocks": []
              },
              {
                "description": "Исходящий трафик только tcp на 22й порт",
                "from_port": 0,
                "id": "enpk5l1k8q5bqrd7eiqf",
                "labels": {},
                "port": -1,
                "predefined_target": "",
                "protocol": "ANY",
                "security_group_id": "",
                "to_port": 65535,
                "v4_cidr_blocks": [
                  "0.0.0.0/0"
                ],
                "v6_cidr_blocks": []
              }
            ],
            "folder_id": "b1gbfah1p548v9mq590n",
            "id": "enp7plnbv2c47c8smilc",
            "ingress": [
              {
                "description": "Входящий трафик TCP на 22й порт. Из пула локальных подсетей?",
                "from_port": -1,
                "id": "enphf5csp9uqro0fa9pa",
                "labels": {},
                "port": 22,
                "predefined_target": "",
                "protocol": "TCP",
                "security_group_id": "",
                "to_port": -1,
                "v4_cidr_blocks": [
                  "192.168.10.0/24"
                ],
                "v6_cidr_blocks": []
              }
            ],
            "labels": {},
            "name": "internal-ssh-sg",
            "network_id": "enpno8opneg27u3mgqd1",
            "status": "ACTIVE",
            "timeouts": null
          },
          "sensitive_attributes": [],
          "private": "eyJlMmJmYjczMC1lY2FhLTExZTYtOGY4OC0zNDM2M2JjN2M0YzAiOnsiY3JlYXRlIjoxODAwMDAwMDAwMDAsImRlbGV0ZSI6MTgwMDAwMDAwMDAwLCJ1cGRhdGUiOjE4MDAwMDAwMDAwMH19",
          "dependencies": [
            "yandex_vpc_network.bastion-network"
          ]
        }
      ]
    },
    {
      "mode": "managed",
      "type": "yandex_vpc_security_group",
      "name": "kibana-sg",
      "provider": "provider[\"registry.terraform.io/yandex-cloud/yandex\"]",
      "instances": [
        {
          "schema_version": 0,
          "attributes": {
            "created_at": "2025-04-14T16:59:08Z",
            "description": "",
            "egress": [],
            "folder_id": "b1gbfah1p548v9mq590n",
            "id": "enp5hde0j1kgd4c71u34",
            "ingress": [
              {
                "description": "",
                "from_port": -1,
                "id": "enpc312pm5tgmpg5hec6",
                "labels": {},
                "port": 5601,
                "predefined_target": "",
                "protocol": "TCP",
                "security_group_id": "",
                "to_port": -1,
                "v4_cidr_blocks": [
                  "0.0.0.0/0"
                ],
                "v6_cidr_blocks": []
              }
            ],
            "labels": {},
            "name": "kibana-sg",
            "network_id": "enpno8opneg27u3mgqd1",
            "status": "ACTIVE",
            "timeouts": null
          },
          "sensitive_attributes": [],
          "private": "eyJlMmJmYjczMC1lY2FhLTExZTYtOGY4OC0zNDM2M2JjN2M0YzAiOnsiY3JlYXRlIjoxODAwMDAwMDAwMDAsImRlbGV0ZSI6MTgwMDAwMDAwMDAwLCJ1cGRhdGUiOjE4MDAwMDAwMDAwMH19",
          "dependencies": [
            "yandex_vpc_network.bastion-network"
          ]
        }
      ]
    },
    {
      "mode": "managed",
      "type": "yandex_vpc_security_group",
      "name": "zabbix-server-sg",
      "provider": "provider[\"registry.terraform.io/yandex-cloud/yandex\"]",
      "instances": [
        {
          "schema_version": 0,
          "attributes": {
            "created_at": "2025-04-14T16:59:15Z",
            "description": "",
            "egress": [],
            "folder_id": "b1gbfah1p548v9mq590n",
            "id": "enpcadatee7hdm2e4ji7",
            "ingress": [
              {
                "description": "",
                "from_port": -1,
                "id": "enppi24tv87c9sla0971",
                "labels": {},
                "port": 80,
                "predefined_target": "",
                "protocol": "TCP",
                "security_group_id": "",
                "to_port": -1,
                "v4_cidr_blocks": [
                  "0.0.0.0/0"
                ],
                "v6_cidr_blocks": []
              },
              {
                "description": "",
                "from_port": 10050,
                "id": "enp200tvrgafuqju3577",
                "labels": {},
                "port": -1,
                "predefined_target": "",
                "protocol": "TCP",
                "security_group_id": "",
                "to_port": 10052,
                "v4_cidr_blocks": [
                  "192.168.50.0/24"
                ],
                "v6_cidr_blocks": []
              },
              {
                "description": "",
                "from_port": 10050,
                "id": "enpho7c63un523pb9eet",
                "labels": {},
                "port": -1,
                "predefined_target": "",
                "protocol": "TCP",
                "security_group_id": "",
                "to_port": 10051,
                "v4_cidr_blocks": [
                  "192.168.10.0/27"
                ],
                "v6_cidr_blocks": []
              }
            ],
            "labels": {},
            "name": "zabbix-server-sg",
            "network_id": "enpno8opneg27u3mgqd1",
            "status": "ACTIVE",
            "timeouts": null
          },
          "sensitive_attributes": [],
          "private": "eyJlMmJmYjczMC1lY2FhLTExZTYtOGY4OC0zNDM2M2JjN2M0YzAiOnsiY3JlYXRlIjoxODAwMDAwMDAwMDAsImRlbGV0ZSI6MTgwMDAwMDAwMDAwLCJ1cGRhdGUiOjE4MDAwMDAwMDAwMH19",
          "dependencies": [
            "yandex_vpc_gateway.nat_gateway",
            "yandex_vpc_network.bastion-network",
            "yandex_vpc_route_table.rt",
            "yandex_vpc_subnet.bastion-external-segment",
            "yandex_vpc_subnet.bastion-internal-segment"
          ]
        }
      ]
    },
    {
      "mode": "managed",
      "type": "yandex_vpc_security_group",
      "name": "zabbix-sg",
      "provider": "provider[\"registry.terraform.io/yandex-cloud/yandex\"]",
      "instances": [
        {
          "schema_version": 0,
          "attributes": {
            "created_at": "2025-04-14T16:59:17Z",
            "description": "",
            "egress": [
              {
                "description": "",
                "from_port": 10050,
                "id": "enpgaogt19ngodeeaccg",
                "labels": {},
                "port": -1,
                "predefined_target": "",
                "protocol": "TCP",
                "security_group_id": "enpcadatee7hdm2e4ji7",
                "to_port": 10051,
                "v4_cidr_blocks": [],
                "v6_cidr_blocks": []
              }
            ],
            "folder_id": "b1gbfah1p548v9mq590n",
            "id": "enps3umuc6ktq16po3ie",
            "ingress": [
              {
                "description": "",
                "from_port": 10050,
                "id": "enp3ap5e49857smbn5o8",
                "labels": {},
                "port": -1,
                "predefined_target": "",
                "protocol": "TCP",
                "security_group_id": "enpcadatee7hdm2e4ji7",
                "to_port": 10051,
                "v4_cidr_blocks": [],
                "v6_cidr_blocks": []
              }
            ],
            "labels": {},
            "name": "zabbix-sg",
            "network_id": "enpno8opneg27u3mgqd1",
            "status": "ACTIVE",
            "timeouts": null
          },
          "sensitive_attributes": [],
          "private": "eyJlMmJmYjczMC1lY2FhLTExZTYtOGY4OC0zNDM2M2JjN2M0YzAiOnsiY3JlYXRlIjoxODAwMDAwMDAwMDAsImRlbGV0ZSI6MTgwMDAwMDAwMDAwLCJ1cGRhdGUiOjE4MDAwMDAwMDAwMH19",
          "dependencies": [
            "yandex_vpc_gateway.nat_gateway",
            "yandex_vpc_network.bastion-network",
            "yandex_vpc_route_table.rt",
            "yandex_vpc_security_group.zabbix-server-sg",
            "yandex_vpc_subnet.bastion-external-segment",
            "yandex_vpc_subnet.bastion-internal-segment"
          ]
        }
      ]
    },
    {
      "mode": "managed",
      "type": "yandex_vpc_subnet",
      "name": "bastion-external-segment",
      "provider": "provider[\"registry.terraform.io/yandex-cloud/yandex\"]",
      "instances": [
        {
          "schema_version": 0,
          "attributes": {
            "created_at": "2025-04-14T16:59:01Z",
            "description": "",
            "dhcp_options": [],
            "folder_id": "b1gbfah1p548v9mq590n",
            "id": "e9bvjmaoamfe5e5tel5g",
            "labels": {},
            "name": "bastion-external-segment",
            "network_id": "enpno8opneg27u3mgqd1",
            "route_table_id": "",
            "timeouts": null,
            "v4_cidr_blocks": [
              "192.168.50.0/24"
            ],
            "v6_cidr_blocks": [],
            "zone": "ru-central1-a"
          },
          "sensitive_attributes": [],
          "private": "eyJlMmJmYjczMC1lY2FhLTExZTYtOGY4OC0zNDM2M2JjN2M0YzAiOnsiY3JlYXRlIjoxODAwMDAwMDAwMDAsImRlbGV0ZSI6MTgwMDAwMDAwMDAwLCJ1cGRhdGUiOjE4MDAwMDAwMDAwMH19",
          "dependencies": [
            "yandex_vpc_network.bastion-network"
          ]
        }
      ]
    },
    {
      "mode": "managed",
      "type": "yandex_vpc_subnet",
      "name": "bastion-internal-segment",
      "provider": "provider[\"registry.terraform.io/yandex-cloud/yandex\"]",
      "instances": [
        {
          "schema_version": 0,
          "attributes": {
            "created_at": "2025-04-14T16:59:02Z",
            "description": "",
            "dhcp_options": [],
            "folder_id": "b1gbfah1p548v9mq590n",
            "id": "e9bsb39m8hvi0phe192m",
            "labels": {},
            "name": "bastion-internal-segment",
            "network_id": "enpno8opneg27u3mgqd1",
            "route_table_id": "enp4g26363nkbd1g3b6b",
            "timeouts": null,
            "v4_cidr_blocks": [
              "192.168.10.0/27"
            ],
            "v6_cidr_blocks": [],
            "zone": "ru-central1-a"
          },
          "sensitive_attributes": [],
          "private": "eyJlMmJmYjczMC1lY2FhLTExZTYtOGY4OC0zNDM2M2JjN2M0YzAiOnsiY3JlYXRlIjoxODAwMDAwMDAwMDAsImRlbGV0ZSI6MTgwMDAwMDAwMDAwLCJ1cGRhdGUiOjE4MDAwMDAwMDAwMH19",
          "dependencies": [
            "yandex_vpc_gateway.nat_gateway",
            "yandex_vpc_network.bastion-network",
            "yandex_vpc_route_table.rt"
          ]
        }
      ]
    }
  ],
  "check_results": null
}
